github.com/coreos/etcd v0.5.0-alpha.5 h1:0Qi6Jzjk2CDuuGlIeecpu+em2nrjhOgz2wsIwCmQHmc=
github.com/coreos/etcd v3.3.20+incompatible h1:jIrdkuJDHmyh6VZsxQQ3LQGfOrwgJx6sILz/lxzXsGw=
github.com/coreos/etcd v3.3.20+incompatible/go.mod h1:uF7uidLiAD3TWHmW31ZFd/JWoc32PjwdhPthX9715RE=
github.com/google/go-cmp v0.4.0 h1:xsAVV57WRhGj6kEIi8ReJzQlHHqcBYCElAvkovg3B/4=
github.com/google/go-cmp v0.4.0/go.mod h1:v8dTdLbMG2kIc/vJvl+f65V22dbkXbowE6jgT/gNBxE=
github.com/pkg/errors v0.9.1 h1:FEBLx1zS214owpjy7qsBeixbURkuhQAwrK5UwLGTwt4=
github.com/pkg/errors v0.9.1/go.mod h1:bwawxfHBFNV+L2hUp1rHADufV3IMtnDRdf1r5NINEl0=
github.com/udhos/equalfile v0.3.0 h1:KhG4xhhkittrgIV/ekHtpEPh7MLxtbjm6kLEwp5Dlbg=
github.com/udhos/equalfile v0.3.0/go.mod h1:1LOX9HjdFMke7ryP3IPby09FkswyY5KzhhsT37wLz/Y=
golang.org/x/xerrors v0.0.0-20191204190536-9bdfabe68543/go.mod h1:I/5z698sn9Ka8TeJc9MKroUUfqBBauWjQqLJ2OPfmY0=
gotest.tools v1.4.0 h1:BjtEgfuw8Qyd+jPvQz8CfoxiO/UjFEidWinwEXZiWv0=
gotest.tools v2.2.0+incompatible h1:VsBPFP1AI068pPrMxtb/S8Zkgf9xEmTLJjfM+P5UIEo=
gotest.tools v2.2.0+incompatible/go.mod h1:DsYFclhRJ6vuDpmuTbkuFWG+y2sxOXAzmJt81HFBacw=
